
Microsoft Visual Studio Solution File, Format Version 12.00
Project("{2150E333-8FDC-42A3-9474-1A3956D46DE8}") = "ChallengeCatalog", "ChallengeCatalog", "{3C53308D-8F8B-4689-BCFF-6BB2DF9EEFA8}"
EndProject
Project("{FAE04EC0-301F-11D3-BF4B-00C04F79EFBC}") = "ChallengeCatalog.API", "Services\ChallengeCatalog\ChallengeCatalog.API\ChallengeCatalog.API.csproj", "{206C11DE-98B8-49F6-A397-0EB8BB319158}"
EndProject
Project("{FAE04EC0-301F-11D3-BF4B-00C04F79EFBC}") = "ChallengeCatalog.UnitTests", "Services\ChallengeCatalog\ChallengeCatalog.UnitTests\ChallengeCatalog.UnitTests.csproj", "{4A5601B1-DA69-45D8-BB30-778022E270FB}"
EndProject
Project("{2150E333-8FDC-42A3-9474-1A3956D46DE8}") = "Infrastructure", "Infrastructure", "{D4773228-1F6D-445C-9051-204FA7FAD213}"
EndProject
Project("{FAE04EC0-301F-11D3-BF4B-00C04F79EFBC}") = "Infrastructure", "Services\Infrastracture\Infrastructure\Infrastructure.csproj", "{21B45655-BF42-473A-9069-94C1C36DF302}"
EndProject
Project("{FAE04EC0-301F-11D3-BF4B-00C04F79EFBC}") = "Infrastructure.UnitTests", "Services\Infrastracture\Infrastructure.UnitTests\Infrastructure.UnitTests.csproj", "{888FC568-508B-4EEE-8C8B-BB1CA959AEC4}"
EndProject
Project("{2150E333-8FDC-42A3-9474-1A3956D46DE8}") = "Identity", "Identity", "{D1757881-55C0-4B76-BE3D-74B58471282A}"
EndProject
Project("{2150E333-8FDC-42A3-9474-1A3956D46DE8}") = "SolutionFiles", "SolutionFiles", "{EA431BAA-C630-47B6-8D57-B3C7733151E3}"
	ProjectSection(SolutionItems) = preProject
		docker-compose.yml = docker-compose.yml
	EndProjectSection
EndProject
Project("{FAE04EC0-301F-11D3-BF4B-00C04F79EFBC}") = "Identity.API", "Services\Identity\Identity.API\Identity.API.csproj", "{C4F1DCD4-505C-4C95-A994-F7A79B7FFB79}"
EndProject
Global
	GlobalSection(SolutionConfigurationPlatforms) = preSolution
		Debug|Any CPU = Debug|Any CPU
		Release|Any CPU = Release|Any CPU
	EndGlobalSection
	GlobalSection(NestedProjects) = preSolution
		{206C11DE-98B8-49F6-A397-0EB8BB319158} = {3C53308D-8F8B-4689-BCFF-6BB2DF9EEFA8}
		{4A5601B1-DA69-45D8-BB30-778022E270FB} = {3C53308D-8F8B-4689-BCFF-6BB2DF9EEFA8}
		{21B45655-BF42-473A-9069-94C1C36DF302} = {D4773228-1F6D-445C-9051-204FA7FAD213}
		{888FC568-508B-4EEE-8C8B-BB1CA959AEC4} = {D4773228-1F6D-445C-9051-204FA7FAD213}
		{C4F1DCD4-505C-4C95-A994-F7A79B7FFB79} = {D1757881-55C0-4B76-BE3D-74B58471282A}
	EndGlobalSection
	GlobalSection(ProjectConfigurationPlatforms) = postSolution
		{206C11DE-98B8-49F6-A397-0EB8BB319158}.Debug|Any CPU.ActiveCfg = Debug|Any CPU
		{206C11DE-98B8-49F6-A397-0EB8BB319158}.Debug|Any CPU.Build.0 = Debug|Any CPU
		{206C11DE-98B8-49F6-A397-0EB8BB319158}.Release|Any CPU.ActiveCfg = Release|Any CPU
		{206C11DE-98B8-49F6-A397-0EB8BB319158}.Release|Any CPU.Build.0 = Release|Any CPU
		{4A5601B1-DA69-45D8-BB30-778022E270FB}.Debug|Any CPU.ActiveCfg = Debug|Any CPU
		{4A5601B1-DA69-45D8-BB30-778022E270FB}.Debug|Any CPU.Build.0 = Debug|Any CPU
		{4A5601B1-DA69-45D8-BB30-778022E270FB}.Release|Any CPU.ActiveCfg = Release|Any CPU
		{4A5601B1-DA69-45D8-BB30-778022E270FB}.Release|Any CPU.Build.0 = Release|Any CPU
		{21B45655-BF42-473A-9069-94C1C36DF302}.Debug|Any CPU.ActiveCfg = Debug|Any CPU
		{21B45655-BF42-473A-9069-94C1C36DF302}.Debug|Any CPU.Build.0 = Debug|Any CPU
		{21B45655-BF42-473A-9069-94C1C36DF302}.Release|Any CPU.ActiveCfg = Release|Any CPU
		{21B45655-BF42-473A-9069-94C1C36DF302}.Release|Any CPU.Build.0 = Release|Any CPU
		{888FC568-508B-4EEE-8C8B-BB1CA959AEC4}.Debug|Any CPU.ActiveCfg = Debug|Any CPU
		{888FC568-508B-4EEE-8C8B-BB1CA959AEC4}.Debug|Any CPU.Build.0 = Debug|Any CPU
		{888FC568-508B-4EEE-8C8B-BB1CA959AEC4}.Release|Any CPU.ActiveCfg = Release|Any CPU
		{888FC568-508B-4EEE-8C8B-BB1CA959AEC4}.Release|Any CPU.Build.0 = Release|Any CPU
		{C4F1DCD4-505C-4C95-A994-F7A79B7FFB79}.Debug|Any CPU.ActiveCfg = Debug|Any CPU
		{C4F1DCD4-505C-4C95-A994-F7A79B7FFB79}.Debug|Any CPU.Build.0 = Debug|Any CPU
		{C4F1DCD4-505C-4C95-A994-F7A79B7FFB79}.Release|Any CPU.ActiveCfg = Release|Any CPU
		{C4F1DCD4-505C-4C95-A994-F7A79B7FFB79}.Release|Any CPU.Build.0 = Release|Any CPU
	EndGlobalSection
EndGlobal
